
Microsoft Visual Studio Solution File, Format Version 12.00
# Visual Studio Version 16
VisualStudioVersion = 16.0.29613.14
MinimumVisualStudioVersion = 10.0.40219.1
Project("{FAE04EC0-301F-11D3-BF4B-00C04F79EFBC}") = "200424274A1", "200424274A1\200424274A1.csproj", "{CF4AA8BB-8950-4640-A863-D6CB7D2609FF}"
EndProject
Global
	GlobalSection(SolutionConfigurationPlatforms) = preSolution
		Debug|Any CPU = Debug|Any CPU
		Release|Any CPU = Release|Any CPU
	EndGlobalSection
	GlobalSection(ProjectConfigurationPlatforms) = postSolution
		{CF4AA8BB-8950-4640-A863-D6CB7D2609FF}.Debug|Any CPU.ActiveCfg = Debug|Any CPU
		{CF4AA8BB-8950-4640-A863-D6CB7D2609FF}.Debug|Any CPU.Build.0 = Debug|Any CPU
		{CF4AA8BB-8950-4640-A863-D6CB7D2609FF}.Release|Any CPU.ActiveCfg = Release|Any CPU
		{CF4AA8BB-8950-4640-A863-D6CB7D2609FF}.Release|Any CPU.Build.0 = Release|Any CPU
	EndGlobalSection
	GlobalSection(SolutionProperties) = preSolution
		HideSolutionNode = FALSE
	EndGlobalSection
	GlobalSection(ExtensibilityGlobals) = postSolution
		SolutionGuid = {D97F48B4-E74D-4B29-B871-26E6F50AB1FC}
	EndGlobalSection
EndGlobal
